
Microsoft Visual Studio Solution File, Format Version 12.00
# Visual Studio Version 17
VisualStudioVersion = 17.3.32819.101
MinimumVisualStudioVersion = 10.0.40219.1
Project("{FAE04EC0-301F-11D3-BF4B-00C04F79EFBC}") = "SignalRLearningDemo", "SignalRLearningDemo\SignalRLearningDemo.csproj", "{7CCB1436-05E3-44A5-B6EE-305048CB7577}"
EndProject
Global
	GlobalSection(SolutionConfigurationPlatforms) = preSolution
		Debug|Any CPU = Debug|Any CPU
		Release|Any CPU = Release|Any CPU
	EndGlobalSection
	GlobalSection(ProjectConfigurationPlatforms) = postSolution
		{7CCB1436-05E3-44A5-B6EE-305048CB7577}.Debug|Any CPU.ActiveCfg = Debug|Any CPU
		{7CCB1436-05E3-44A5-B6EE-305048CB7577}.Debug|Any CPU.Build.0 = Debug|Any CPU
		{7CCB1436-05E3-44A5-B6EE-305048CB7577}.Release|Any CPU.ActiveCfg = Release|Any CPU
		{7CCB1436-05E3-44A5-B6EE-305048CB7577}.Release|Any CPU.Build.0 = Release|Any CPU
	EndGlobalSection
	GlobalSection(SolutionProperties) = preSolution
		HideSolutionNode = FALSE
	EndGlobalSection
	GlobalSection(ExtensibilityGlobals) = postSolution
		SolutionGuid = {3790B284-0847-4586-9B09-DC5D646FC444}
	EndGlobalSection
EndGlobal
